// !$*UTF8*$!
{
	archiveVersion = 1;
	classes = {
	};
	objectVersion = 46;
	objects = {

/* Begin PBXBuildFile section */
		AB3105F33040CFEBC371D864 /* libPods-TheFuudProject.a in Frameworks */ = {isa = PBXBuildFile; fileRef = 7A48DF38D5C15A4EF835DF88 /* libPods-TheFuudProject.a */; };
		ED9554341D93D6D900F8C709 /* main.m in Sources */ = {isa = PBXBuildFile; fileRef = ED9554331D93D6D900F8C709 /* main.m */; };
		ED9554371D93D6D900F8C709 /* AppDelegate.m in Sources */ = {isa = PBXBuildFile; fileRef = ED9554361D93D6D900F8C709 /* AppDelegate.m */; };
		ED95543A1D93D6D900F8C709 /* FirstViewController.m in Sources */ = {isa = PBXBuildFile; fileRef = ED9554391D93D6D900F8C709 /* FirstViewController.m */; };
		ED95543D1D93D6D900F8C709 /* SecondViewController.m in Sources */ = {isa = PBXBuildFile; fileRef = ED95543C1D93D6D900F8C709 /* SecondViewController.m */; };
		ED9554401D93D6D900F8C709 /* Main.storyboard in Resources */ = {isa = PBXBuildFile; fileRef = ED95543E1D93D6D900F8C709 /* Main.storyboard */; };
		ED9554421D93D6D900F8C709 /* Assets.xcassets in Resources */ = {isa = PBXBuildFile; fileRef = ED9554411D93D6D900F8C709 /* Assets.xcassets */; };
		ED9554451D93D6D900F8C709 /* LaunchScreen.storyboard in Resources */ = {isa = PBXBuildFile; fileRef = ED9554431D93D6D900F8C709 /* LaunchScreen.storyboard */; };
		ED9554771D93DA2A00F8C709 /* TFPManager.m in Sources */ = {isa = PBXBuildFile; fileRef = ED9554761D93DA2A00F8C709 /* TFPManager.m */; };
		ED95547A1D93DA5600F8C709 /* TFPConstants.m in Sources */ = {isa = PBXBuildFile; fileRef = ED9554791D93DA5600F8C709 /* TFPConstants.m */; };
		ED95547D1D93DAB300F8C709 /* TFPSigninViewController.m in Sources */ = {isa = PBXBuildFile; fileRef = ED95547C1D93DAB300F8C709 /* TFPSigninViewController.m */; };
		ED9554801D93DAD100F8C709 /* TFPCurrentLocationViewController.m in Sources */ = {isa = PBXBuildFile; fileRef = ED95547F1D93DAD100F8C709 /* TFPCurrentLocationViewController.m */; };
		ED9554831D93DB2F00F8C709 /* TFPUser.m in Sources */ = {isa = PBXBuildFile; fileRef = ED9554821D93DB2F00F8C709 /* TFPUser.m */; };
		ED9554851D93DC2E00F8C709 /* IMG_0102.mp4 in Resources */ = {isa = PBXBuildFile; fileRef = ED9554841D93DC2E00F8C709 /* IMG_0102.mp4 */; };
		ED9554881D93E58700F8C709 /* NSMutableDictionary+MLocation.m in Sources */ = {isa = PBXBuildFile; fileRef = ED9554871D93E58700F8C709 /* NSMutableDictionary+MLocation.m */; };
/* End PBXBuildFile section */

/* Begin PBXFileReference section */
		2777F3867E8397F4E254196E /* Pods-TheFuudProject.release.xcconfig */ = {isa = PBXFileReference; includeInIndex = 1; lastKnownFileType = text.xcconfig; name = "Pods-TheFuudProject.release.xcconfig"; path = "Pods/Target Support Files/Pods-TheFuudProject/Pods-TheFuudProject.release.xcconfig"; sourceTree = "<group>"; };
		7A48DF38D5C15A4EF835DF88 /* libPods-TheFuudProject.a */ = {isa = PBXFileReference; explicitFileType = archive.ar; includeInIndex = 0; path = "libPods-TheFuudProject.a"; sourceTree = BUILT_PRODUCTS_DIR; };
		C30A77CAFE205636027B8E52 /* Pods-TheFuudProject.debug.xcconfig */ = {isa = PBXFileReference; includeInIndex = 1; lastKnownFileType = text.xcconfig; name = "Pods-TheFuudProject.debug.xcconfig"; path = "Pods/Target Support Files/Pods-TheFuudProject/Pods-TheFuudProject.debug.xcconfig"; sourceTree = "<group>"; };
		ED95542F1D93D6D900F8C709 /* TheFuudProject.app */ = {isa = PBXFileReference; explicitFileType = wrapper.application; includeInIndex = 0; path = TheFuudProject.app; sourceTree = BUILT_PRODUCTS_DIR; };
		ED9554331D93D6D900F8C709 /* main.m */ = {isa = PBXFileReference; lastKnownFileType = sourcecode.c.objc; path = main.m; sourceTree = "<group>"; };
		ED9554351D93D6D900F8C709 /* AppDelegate.h */ = {isa = PBXFileReference; lastKnownFileType = sourcecode.c.h; path = AppDelegate.h; sourceTree = "<group>"; };
		ED9554361D93D6D900F8C709 /* AppDelegate.m */ = {isa = PBXFileReference; lastKnownFileType = sourcecode.c.objc; path = AppDelegate.m; sourceTree = "<group>"; };
		ED9554381D93D6D900F8C709 /* FirstViewController.h */ = {isa = PBXFileReference; lastKnownFileType = sourcecode.c.h; path = FirstViewController.h; sourceTree = "<group>"; };
		ED9554391D93D6D900F8C709 /* FirstViewController.m */ = {isa = PBXFileReference; lastKnownFileType = sourcecode.c.objc; path = FirstViewController.m; sourceTree = "<group>"; };
		ED95543B1D93D6D900F8C709 /* SecondViewController.h */ = {isa = PBXFileReference; lastKnownFileType = sourcecode.c.h; path = SecondViewController.h; sourceTree = "<group>"; };
		ED95543C1D93D6D900F8C709 /* SecondViewController.m */ = {isa = PBXFileReference; lastKnownFileType = sourcecode.c.objc; path = SecondViewController.m; sourceTree = "<group>"; };
		ED95543F1D93D6D900F8C709 /* Base */ = {isa = PBXFileReference; lastKnownFileType = file.storyboard; name = Base; path = Base.lproj/Main.storyboard; sourceTree = "<group>"; };
		ED9554411D93D6D900F8C709 /* Assets.xcassets */ = {isa = PBXFileReference; lastKnownFileType = folder.assetcatalog; path = Assets.xcassets; sourceTree = "<group>"; };
		ED9554441D93D6D900F8C709 /* Base */ = {isa = PBXFileReference; lastKnownFileType = file.storyboard; name = Base; path = Base.lproj/LaunchScreen.storyboard; sourceTree = "<group>"; };
		ED9554461D93D6D900F8C709 /* Info.plist */ = {isa = PBXFileReference; lastKnownFileType = text.plist.xml; path = Info.plist; sourceTree = "<group>"; };
		ED9554751D93DA2A00F8C709 /* TFPManager.h */ = {isa = PBXFileReference; fileEncoding = 4; lastKnownFileType = sourcecode.c.h; path = TFPManager.h; sourceTree = "<group>"; };
		ED9554761D93DA2A00F8C709 /* TFPManager.m */ = {isa = PBXFileReference; fileEncoding = 4; lastKnownFileType = sourcecode.c.objc; path = TFPManager.m; sourceTree = "<group>"; };
		ED9554781D93DA5600F8C709 /* TFPConstants.h */ = {isa = PBXFileReference; fileEncoding = 4; lastKnownFileType = sourcecode.c.h; path = TFPConstants.h; sourceTree = "<group>"; };
		ED9554791D93DA5600F8C709 /* TFPConstants.m */ = {isa = PBXFileReference; fileEncoding = 4; lastKnownFileType = sourcecode.c.objc; path = TFPConstants.m; sourceTree = "<group>"; };
		ED95547B1D93DAB300F8C709 /* TFPSigninViewController.h */ = {isa = PBXFileReference; fileEncoding = 4; lastKnownFileType = sourcecode.c.h; path = TFPSigninViewController.h; sourceTree = "<group>"; };
		ED95547C1D93DAB300F8C709 /* TFPSigninViewController.m */ = {isa = PBXFileReference; fileEncoding = 4; lastKnownFileType = sourcecode.c.objc; path = TFPSigninViewController.m; sourceTree = "<group>"; };
		ED95547E1D93DAD100F8C709 /* TFPCurrentLocationViewController.h */ = {isa = PBXFileReference; fileEncoding = 4; lastKnownFileType = sourcecode.c.h; path = TFPCurrentLocationViewController.h; sourceTree = "<group>"; };
		ED95547F1D93DAD100F8C709 /* TFPCurrentLocationViewController.m */ = {isa = PBXFileReference; fileEncoding = 4; lastKnownFileType = sourcecode.c.objc; path = TFPCurrentLocationViewController.m; sourceTree = "<group>"; };
		ED9554811D93DB2F00F8C709 /* TFPUser.h */ = {isa = PBXFileReference; fileEncoding = 4; lastKnownFileType = sourcecode.c.h; path = TFPUser.h; sourceTree = "<group>"; };
		ED9554821D93DB2F00F8C709 /* TFPUser.m */ = {isa = PBXFileReference; fileEncoding = 4; lastKnownFileType = sourcecode.c.objc; path = TFPUser.m; sourceTree = "<group>"; };
		ED9554841D93DC2E00F8C709 /* IMG_0102.mp4 */ = {isa = PBXFileReference; lastKnownFileType = file; path = IMG_0102.mp4; sourceTree = "<group>"; };
		ED9554861D93E58700F8C709 /* NSMutableDictionary+MLocation.h */ = {isa = PBXFileReference; fileEncoding = 4; lastKnownFileType = sourcecode.c.h; path = "NSMutableDictionary+MLocation.h"; sourceTree = "<group>"; };
		ED9554871D93E58700F8C709 /* NSMutableDictionary+MLocation.m */ = {isa = PBXFileReference; fileEncoding = 4; lastKnownFileType = sourcecode.c.objc; path = "NSMutableDictionary+MLocation.m"; sourceTree = "<group>"; };
/* End PBXFileReference section */

/* Begin PBXFrameworksBuildPhase section */
		ED95542C1D93D6D900F8C709 /* Frameworks */ = {
			isa = PBXFrameworksBuildPhase;
			buildActionMask = 2147483647;
			files = (
				AB3105F33040CFEBC371D864 /* libPods-TheFuudProject.a in Frameworks */,
			);
			runOnlyForDeploymentPostprocessing = 0;
		};
/* End PBXFrameworksBuildPhase section */

/* Begin PBXGroup section */
		1F8A306364BF2B3529E20563 /* Frameworks */ = {
			isa = PBXGroup;
			children = (
				7A48DF38D5C15A4EF835DF88 /* libPods-TheFuudProject.a */,
			);
			name = Frameworks;
			sourceTree = "<group>";
		};
		31778FB55674236A20FA1F25 /* Pods */ = {
			isa = PBXGroup;
			children = (
				C30A77CAFE205636027B8E52 /* Pods-TheFuudProject.debug.xcconfig */,
				2777F3867E8397F4E254196E /* Pods-TheFuudProject.release.xcconfig */,
			);
			name = Pods;
			sourceTree = "<group>";
		};
		ED9554261D93D6D900F8C709 = {
			isa = PBXGroup;
			children = (
				ED9554311D93D6D900F8C709 /* TheFuudProject */,
				ED9554301D93D6D900F8C709 /* Products */,
				31778FB55674236A20FA1F25 /* Pods */,
				1F8A306364BF2B3529E20563 /* Frameworks */,
			);
			sourceTree = "<group>";
		};
		ED9554301D93D6D900F8C709 /* Products */ = {
			isa = PBXGroup;
			children = (
				ED95542F1D93D6D900F8C709 /* TheFuudProject.app */,
			);
			name = Products;
			sourceTree = "<group>";
		};
		ED9554311D93D6D900F8C709 /* TheFuudProject */ = {
			isa = PBXGroup;
			children = (
				ED9554351D93D6D900F8C709 /* AppDelegate.h */,
				ED9554361D93D6D900F8C709 /* AppDelegate.m */,
				ED9554751D93DA2A00F8C709 /* TFPManager.h */,
				ED9554761D93DA2A00F8C709 /* TFPManager.m */,
				ED9554781D93DA5600F8C709 /* TFPConstants.h */,
				ED9554791D93DA5600F8C709 /* TFPConstants.m */,
				ED9554381D93D6D900F8C709 /* FirstViewController.h */,
				ED9554391D93D6D900F8C709 /* FirstViewController.m */,
				ED95543B1D93D6D900F8C709 /* SecondViewController.h */,
				ED95543C1D93D6D900F8C709 /* SecondViewController.m */,
				ED95547B1D93DAB300F8C709 /* TFPSigninViewController.h */,
				ED95547C1D93DAB300F8C709 /* TFPSigninViewController.m */,
				ED95547E1D93DAD100F8C709 /* TFPCurrentLocationViewController.h */,
				ED95547F1D93DAD100F8C709 /* TFPCurrentLocationViewController.m */,
				ED9554811D93DB2F00F8C709 /* TFPUser.h */,
				ED9554821D93DB2F00F8C709 /* TFPUser.m */,
				ED9554861D93E58700F8C709 /* NSMutableDictionary+MLocation.h */,
				ED9554871D93E58700F8C709 /* NSMutableDictionary+MLocation.m */,
				ED95543E1D93D6D900F8C709 /* Main.storyboard */,
				ED9554411D93D6D900F8C709 /* Assets.xcassets */,
				ED9554841D93DC2E00F8C709 /* IMG_0102.mp4 */,
				ED9554431D93D6D900F8C709 /* LaunchScreen.storyboard */,
				ED9554461D93D6D900F8C709 /* Info.plist */,
				ED9554321D93D6D900F8C709 /* Supporting Files */,
			);
			path = TheFuudProject;
			sourceTree = "<group>";
		};
		ED9554321D93D6D900F8C709 /* Supporting Files */ = {
			isa = PBXGroup;
			children = (
				ED9554331D93D6D900F8C709 /* main.m */,
			);
			name = "Supporting Files";
			sourceTree = "<group>";
		};
/* End PBXGroup section */

/* Begin PBXNativeTarget section */
		ED95542E1D93D6D900F8C709 /* TheFuudProject */ = {
			isa = PBXNativeTarget;
			buildConfigurationList = ED9554491D93D6D900F8C709 /* Build configuration list for PBXNativeTarget "TheFuudProject" */;
			buildPhases = (
				3B69AB848B57C011CE2FE0FB /* [CP] Check Pods Manifest.lock */,
				ED95542B1D93D6D900F8C709 /* Sources */,
				ED95542C1D93D6D900F8C709 /* Frameworks */,
				ED95542D1D93D6D900F8C709 /* Resources */,
				0A807EC8BE00951570269C1F /* [CP] Embed Pods Frameworks */,
				9D92E226A1F98538A67DB67A /* [CP] Copy Pods Resources */,
			);
			buildRules = (
			);
			dependencies = (
			);
			name = TheFuudProject;
			productName = TheFuudProject;
			productReference = ED95542F1D93D6D900F8C709 /* TheFuudProject.app */;
			productType = "com.apple.product-type.application";
		};
/* End PBXNativeTarget section */

/* Begin PBXProject section */
		ED9554271D93D6D900F8C709 /* Project object */ = {
			isa = PBXProject;
			attributes = {
				CLASSPREFIX = TFP;
				LastUpgradeCheck = 0800;
				ORGANIZATIONNAME = Fuudapp;
				TargetAttributes = {
					ED95542E1D93D6D900F8C709 = {
						CreatedOnToolsVersion = 8.0;
						DevelopmentTeam = EDXP6Y48QS;
						ProvisioningStyle = Automatic;
					};
				};
			};
			buildConfigurationList = ED95542A1D93D6D900F8C709 /* Build configuration list for PBXProject "TheFuudProject" */;
			compatibilityVersion = "Xcode 3.2";
			developmentRegion = English;
			hasScannedForEncodings = 0;
			knownRegions = (
				en,
				Base,
			);
			mainGroup = ED9554261D93D6D900F8C709;
			productRefGroup = ED9554301D93D6D900F8C709 /* Products */;
			projectDirPath = "";
			projectRoot = "";
			targets = (
				ED95542E1D93D6D900F8C709 /* TheFuudProject */,
			);
		};
/* End PBXProject section */

/* Begin PBXResourcesBuildPhase section */
		ED95542D1D93D6D900F8C709 /* Resources */ = {
			isa = PBXResourcesBuildPhase;
			buildActionMask = 2147483647;
			files = (
				ED9554451D93D6D900F8C709 /* LaunchScreen.storyboard in Resources */,
				ED9554421D93D6D900F8C709 /* Assets.xcassets in Resources */,
				ED9554851D93DC2E00F8C709 /* IMG_0102.mp4 in Resources */,
				ED9554401D93D6D900F8C709 /* Main.storyboard in Resources */,
			);
			runOnlyForDeploymentPostprocessing = 0;
		};
/* End PBXResourcesBuildPhase section */

/* Begin PBXShellScriptBuildPhase section */
		0A807EC8BE00951570269C1F /* [CP] Embed Pods Frameworks */ = {
			isa = PBXShellScriptBuildPhase;
			buildActionMask = 2147483647;
			files = (
			);
			inputPaths = (
			);
			name = "[CP] Embed Pods Frameworks";
			outputPaths = (
			);
			runOnlyForDeploymentPostprocessing = 0;
			shellPath = /bin/sh;
			shellScript = "\"${SRCROOT}/Pods/Target Support Files/Pods-TheFuudProject/Pods-TheFuudProject-frameworks.sh\"\n";
			showEnvVarsInLog = 0;
		};
		3B69AB848B57C011CE2FE0FB /* [CP] Check Pods Manifest.lock */ = {
			isa = PBXShellScriptBuildPhase;
			buildActionMask = 2147483647;
			files = (
			);
			inputPaths = (
			);
			name = "[CP] Check Pods Manifest.lock";
			outputPaths = (
			);
			runOnlyForDeploymentPostprocessing = 0;
			shellPath = /bin/sh;
			shellScript = "diff \"${PODS_ROOT}/../Podfile.lock\" \"${PODS_ROOT}/Manifest.lock\" > /dev/null\nif [[ $? != 0 ]] ; then\n    cat << EOM\nerror: The sandbox is not in sync with the Podfile.lock. Run 'pod install' or update your CocoaPods installation.\nEOM\n    exit 1\nfi\n";
			showEnvVarsInLog = 0;
		};
		9D92E226A1F98538A67DB67A /* [CP] Copy Pods Resources */ = {
			isa = PBXShellScriptBuildPhase;
			buildActionMask = 2147483647;
			files = (
			);
			inputPaths = (
			);
			name = "[CP] Copy Pods Resources";
			outputPaths = (
			);
			runOnlyForDeploymentPostprocessing = 0;
			shellPath = /bin/sh;
			shellScript = "\"${SRCROOT}/Pods/Target Support Files/Pods-TheFuudProject/Pods-TheFuudProject-resources.sh\"\n";
			showEnvVarsInLog = 0;
		};
/* End PBXShellScriptBuildPhase section */

/* Begin PBXSourcesBuildPhase section */
		ED95542B1D93D6D900F8C709 /* Sources */ = {
			isa = PBXSourcesBuildPhase;
			buildActionMask = 2147483647;
			files = (
				ED95543D1D93D6D900F8C709 /* SecondViewController.m in Sources */,
				ED9554371D93D6D900F8C709 /* AppDelegate.m in Sources */,
				ED9554881D93E58700F8C709 /* NSMutableDictionary+MLocation.m in Sources */,
				ED9554801D93DAD100F8C709 /* TFPCurrentLocationViewController.m in Sources */,
				ED95543A1D93D6D900F8C709 /* FirstViewController.m in Sources */,
				ED9554831D93DB2F00F8C709 /* TFPUser.m in Sources */,
				ED9554771D93DA2A00F8C709 /* TFPManager.m in Sources */,
				ED95547A1D93DA5600F8C709 /* TFPConstants.m in Sources */,
				ED95547D1D93DAB300F8C709 /* TFPSigninViewController.m in Sources */,
				ED9554341D93D6D900F8C709 /* main.m in Sources */,
			);
			runOnlyForDeploymentPostprocessing = 0;
		};
/* End PBXSourcesBuildPhase section */

/* Begin PBXVariantGroup section */
		ED95543E1D93D6D900F8C709 /* Main.storyboard */ = {
			isa = PBXVariantGroup;
			children = (
				ED95543F1D93D6D900F8C709 /* Base */,
			);
			name = Main.storyboard;
			sourceTree = "<group>";
		};
		ED9554431D93D6D900F8C709 /* LaunchScreen.storyboard */ = {
			isa = PBXVariantGroup;
			children = (
				ED9554441D93D6D900F8C709 /* Base */,
			);
			name = LaunchScreen.storyboard;
			sourceTree = "<group>";
		};
/* End PBXVariantGroup section */

/* Begin XCBuildConfiguration section */
		ED9554471D93D6D900F8C709 /* Debug */ = {
			isa = XCBuildConfiguration;
			buildSettings = {
				ALWAYS_SEARCH_USER_PATHS = NO;
				CLANG_ANALYZER_NONNULL = YES;
				CLANG_CXX_LANGUAGE_STANDARD = "gnu++0x";
				CLANG_CXX_LIBRARY = "libc++";
				CLANG_ENABLE_MODULES = YES;
				CLANG_ENABLE_OBJC_ARC = YES;
				CLANG_WARN_BOOL_CONVERSION = YES;
				CLANG_WARN_CONSTANT_CONVERSION = YES;
				CLANG_WARN_DIRECT_OBJC_ISA_USAGE = YES_ERROR;
				CLANG_WARN_DOCUMENTATION_COMMENTS = YES;
				CLANG_WARN_EMPTY_BODY = YES;
				CLANG_WARN_ENUM_CONVERSION = YES;
				CLANG_WARN_INFINITE_RECURSION = YES;
				CLANG_WARN_INT_CONVERSION = YES;
				CLANG_WARN_OBJC_ROOT_CLASS = YES_ERROR;
				CLANG_WARN_SUSPICIOUS_MOVES = YES;
				CLANG_WARN_UNREACHABLE_CODE = YES;
				CLANG_WARN__DUPLICATE_METHOD_MATCH = YES;
				"CODE_SIGN_IDENTITY[sdk=iphoneos*]" = "iPhone Developer";
				COPY_PHASE_STRIP = NO;
				DEBUG_INFORMATION_FORMAT = dwarf;
				ENABLE_STRICT_OBJC_MSGSEND = YES;
				ENABLE_TESTABILITY = YES;
				GCC_C_LANGUAGE_STANDARD = gnu99;
				GCC_DYNAMIC_NO_PIC = NO;
				GCC_NO_COMMON_BLOCKS = YES;
				GCC_OPTIMIZATION_LEVEL = 0;
				GCC_PREPROCESSOR_DEFINITIONS = (
					"DEBUG=1",
					"$(inherited)",
				);
				GCC_WARN_64_TO_32_BIT_CONVERSION = YES;
				GCC_WARN_ABOUT_RETURN_TYPE = YES_ERROR;
				GCC_WARN_UNDECLARED_SELECTOR = YES;
				GCC_WARN_UNINITIALIZED_AUTOS = YES_AGGRESSIVE;
				GCC_WARN_UNUSED_FUNCTION = YES;
				GCC_WARN_UNUSED_VARIABLE = YES;
				IPHONEOS_DEPLOYMENT_TARGET = 10.0;
				MTL_ENABLE_DEBUG_INFO = YES;
				ONLY_ACTIVE_ARCH = YES;
				SDKROOT = iphoneos;
			};
			name = Debug;
		};
		ED9554481D93D6D900F8C709 /* Release */ = {
			isa = XCBuildConfiguration;
			buildSettings = {
				ALWAYS_SEARCH_USER_PATHS = NO;
				CLANG_ANALYZER_NONNULL = YES;
				CLANG_CXX_LANGUAGE_STANDARD = "gnu++0x";
				CLANG_CXX_LIBRARY = "libc++";
				CLANG_ENABLE_MODULES = YES;
				CLANG_ENABLE_OBJC_ARC = YES;
				CLANG_WARN_BOOL_CONVERSION = YES;
				CLANG_WARN_CONSTANT_CONVERSION = YES;
				CLANG_WARN_DIRECT_OBJC_ISA_USAGE = YES_ERROR;
				CLANG_WARN_DOCUMENTATION_COMMENTS = YES;
				CLANG_WARN_EMPTY_BODY = YES;
				CLANG_WARN_ENUM_CONVERSION = YES;
				CLANG_WARN_INFINITE_RECURSION = YES;
				CLANG_WARN_INT_CONVERSION = YES;
				CLANG_WARN_OBJC_ROOT_CLASS = YES_ERROR;
				CLANG_WARN_SUSPICIOUS_MOVES = YES;
				CLANG_WARN_UNREACHABLE_CODE = YES;
				CLANG_WARN__DUPLICATE_METHOD_MATCH = YES;
				"CODE_SIGN_IDENTITY[sdk=iphoneos*]" = "iPhone Developer";
				COPY_PHASE_STRIP = NO;
				DEBUG_INFORMATION_FORMAT = "dwarf-with-dsym";
				ENABLE_NS_ASSERTIONS = NO;
				ENABLE_STRICT_OBJC_MSGSEND = YES;
				GCC_C_LANGUAGE_STANDARD = gnu99;
				GCC_NO_COMMON_BLOCKS = YES;
				GCC_WARN_64_TO_32_BIT_CONVERSION = YES;
				GCC_WARN_ABOUT_RETURN_TYPE = YES_ERROR;
				GCC_WARN_UNDECLARED_SELECTOR = YES;
				GCC_WARN_UNINITIALIZED_AUTOS = YES_AGGRESSIVE;
				GCC_WARN_UNUSED_FUNCTION = YES;
				GCC_WARN_UNUSED_VARIABLE = YES;
				IPHONEOS_DEPLOYMENT_TARGET = 10.0;
				MTL_ENABLE_DEBUG_INFO = NO;
				SDKROOT = iphoneos;
				VALIDATE_PRODUCT = YES;
			};
			name = Release;
		};
		ED95544A1D93D6D900F8C709 /* Debug */ = {
			isa = XCBuildConfiguration;
			baseConfigurationReference = C30A77CAFE205636027B8E52 /* Pods-TheFuudProject.debug.xcconfig */;
			buildSettings = {
				ASSETCATALOG_COMPILER_APPICON_NAME = AppIcon;
				DEVELOPMENT_TEAM = EDXP6Y48QS;
				INFOPLIST_FILE = TheFuudProject/Info.plist;
				IPHONEOS_DEPLOYMENT_TARGET = 9.0;
				LD_RUNPATH_SEARCH_PATHS = "$(inherited) @executable_path/Frameworks";
				PRODUCT_BUNDLE_IDENTIFIER = com.fuudapp.TheFuudProject;
				PRODUCT_NAME = "$(TARGET_NAME)";
			};
			name = Debug;
		};
		ED95544B1D93D6D900F8C709 /* Release */ = {
			isa = XCBuildConfiguration;
			baseConfigurationReference = 2777F3867E8397F4E254196E /* Pods-TheFuudProject.release.xcconfig */;
			buildSettings = {
				ASSETCATALOG_COMPILER_APPICON_NAME = AppIcon;
				DEVELOPMENT_TEAM = EDXP6Y48QS;
				INFOPLIST_FILE = TheFuudProject/Info.plist;
				IPHONEOS_DEPLOYMENT_TARGET = 9.0;
				LD_RUNPATH_SEARCH_PATHS = "$(inherited) @executable_path/Frameworks";
				PRODUCT_BUNDLE_IDENTIFIER = com.fuudapp.TheFuudProject;
				PRODUCT_NAME = "$(TARGET_NAME)";
			};
			name = Release;
		};
/* End XCBuildConfiguration section */

/* Begin XCConfigurationList section */
		ED95542A1D93D6D900F8C709 /* Build configuration list for PBXProject "TheFuudProject" */ = {
			isa = XCConfigurationList;
			buildConfigurations = (
				ED9554471D93D6D900F8C709 /* Debug */,
				ED9554481D93D6D900F8C709 /* Release */,
			);
			defaultConfigurationIsVisible = 0;
			defaultConfigurationName = Release;
		};
		ED9554491D93D6D900F8C709 /* Build configuration list for PBXNativeTarget "TheFuudProject" */ = {
			isa = XCConfigurationList;
			buildConfigurations = (
				ED95544A1D93D6D900F8C709 /* Debug */,
				ED95544B1D93D6D900F8C709 /* Release */,
			);
			defaultConfigurationIsVisible = 0;
			defaultConfigurationName = Release;
		};
/* End XCConfigurationList section */
	};
	rootObject = ED9554271D93D6D900F8C709 /* Project object */;
}
